{
  "version": 4,
  "terraform_version": "1.3.5",
  "serial": 5,
  "lineage": "69f49855-bd0e-a39b-dc10-423fdaee56df",
  "outputs": {},
  "resources": [
    {
      "mode": "managed",
      "type": "azurerm_resource_group",
      "name": "my_rg",
      "provider": "provider[\"registry.terraform.io/hashicorp/azurerm\"]",
      "instances": [
        {
          "schema_version": 0,
          "attributes": {
            "id": "/subscriptions/59f43f48-93b4-4082-aeaf-e86115595235/resourceGroups/myTerraformRG",
            "location": "westus2",
            "name": "myTerraformRG",
            "tags": {
              "EnableNight": "False",
              "EnableWeekend": "False",
              "LTR": "False",
              "TimeZone": "America/New_York",
              "author": "Azure_Terraform",
              "environment": "Dev",
              "usage": "development,testing"
            },
            "timeouts": null
          },
          "sensitive_attributes": [],
          "private": "eyJlMmJmYjczMC1lY2FhLTExZTYtOGY4OC0zNDM2M2JjN2M0YzAiOnsiY3JlYXRlIjo1NDAwMDAwMDAwMDAwLCJkZWxldGUiOjU0MDAwMDAwMDAwMDAsInJlYWQiOjMwMDAwMDAwMDAwMCwidXBkYXRlIjo1NDAwMDAwMDAwMDAwfX0="
        }
      ]
    }
  ],
  "check_results": null
}
